
Microsoft Visual Studio Solution File, Format Version 12.00
# Visual Studio 15
Project("{FAE04EC0-301F-11D3-BF4B-00C04F79EFBC}") = "Assembly-CSharp", "Assembly-CSharp.csproj", "{A2600FFC-972F-144C-AF02-9B32CAE390D2}"
EndProject
Project("{FAE04EC0-301F-11D3-BF4B-00C04F79EFBC}") = "Oculus.VR", "Oculus.VR.csproj", "{486B892E-F0B9-A0D7-E27D-F5B53DA3E3FF}"
EndProject
Project("{FAE04EC0-301F-11D3-BF4B-00C04F79EFBC}") = "Unity.Recorder", "Unity.Recorder.csproj", "{83EF0F08-C120-AB2E-D1C6-C83D817BEFF4}"
EndProject
Project("{FAE04EC0-301F-11D3-BF4B-00C04F79EFBC}") = "Unity.Recorder.Samples", "Unity.Recorder.Samples.csproj", "{6D8C47E5-4859-1B05-7583-0C39218A309A}"
EndProject
Project("{FAE04EC0-301F-11D3-BF4B-00C04F79EFBC}") = "Assembly-CSharp-Editor", "Assembly-CSharp-Editor.csproj", "{898C8248-7820-5498-85EC-40D3F889A9FF}"
EndProject
Project("{FAE04EC0-301F-11D3-BF4B-00C04F79EFBC}") = "Unity.Recorder.Editor", "Unity.Recorder.Editor.csproj", "{9FC64361-7998-AC6E-2814-B9C3683A5C90}"
EndProject
Project("{FAE04EC0-301F-11D3-BF4B-00C04F79EFBC}") = "Oculus.VR.Scripts.Editor", "Oculus.VR.Scripts.Editor.csproj", "{CD50334E-3927-697D-CC78-24DD3331E885}"
EndProject
Project("{FAE04EC0-301F-11D3-BF4B-00C04F79EFBC}") = "Oculus.VR.Editor", "Oculus.VR.Editor.csproj", "{B2E8363A-8031-C4FA-3698-B168F5C25CF3}"
EndProject
Global
	GlobalSection(SolutionConfigurationPlatforms) = preSolution
		Debug|Any CPU = Debug|Any CPU
		Release|Any CPU = Release|Any CPU
	EndGlobalSection
	GlobalSection(ProjectConfigurationPlatforms) = postSolution
		{A2600FFC-972F-144C-AF02-9B32CAE390D2}.Debug|Any CPU.ActiveCfg = Debug|Any CPU
		{A2600FFC-972F-144C-AF02-9B32CAE390D2}.Debug|Any CPU.Build.0 = Debug|Any CPU
		{A2600FFC-972F-144C-AF02-9B32CAE390D2}.Release|Any CPU.ActiveCfg = Release|Any CPU
		{A2600FFC-972F-144C-AF02-9B32CAE390D2}.Release|Any CPU.Build.0 = Release|Any CPU
		{486B892E-F0B9-A0D7-E27D-F5B53DA3E3FF}.Debug|Any CPU.ActiveCfg = Debug|Any CPU
		{486B892E-F0B9-A0D7-E27D-F5B53DA3E3FF}.Debug|Any CPU.Build.0 = Debug|Any CPU
		{486B892E-F0B9-A0D7-E27D-F5B53DA3E3FF}.Release|Any CPU.ActiveCfg = Release|Any CPU
		{486B892E-F0B9-A0D7-E27D-F5B53DA3E3FF}.Release|Any CPU.Build.0 = Release|Any CPU
		{83EF0F08-C120-AB2E-D1C6-C83D817BEFF4}.Debug|Any CPU.ActiveCfg = Debug|Any CPU
		{83EF0F08-C120-AB2E-D1C6-C83D817BEFF4}.Debug|Any CPU.Build.0 = Debug|Any CPU
		{83EF0F08-C120-AB2E-D1C6-C83D817BEFF4}.Release|Any CPU.ActiveCfg = Release|Any CPU
		{83EF0F08-C120-AB2E-D1C6-C83D817BEFF4}.Release|Any CPU.Build.0 = Release|Any CPU
		{6D8C47E5-4859-1B05-7583-0C39218A309A}.Debug|Any CPU.ActiveCfg = Debug|Any CPU
		{6D8C47E5-4859-1B05-7583-0C39218A309A}.Debug|Any CPU.Build.0 = Debug|Any CPU
		{6D8C47E5-4859-1B05-7583-0C39218A309A}.Release|Any CPU.ActiveCfg = Release|Any CPU
		{6D8C47E5-4859-1B05-7583-0C39218A309A}.Release|Any CPU.Build.0 = Release|Any CPU
		{898C8248-7820-5498-85EC-40D3F889A9FF}.Debug|Any CPU.ActiveCfg = Debug|Any CPU
		{898C8248-7820-5498-85EC-40D3F889A9FF}.Debug|Any CPU.Build.0 = Debug|Any CPU
		{898C8248-7820-5498-85EC-40D3F889A9FF}.Release|Any CPU.ActiveCfg = Release|Any CPU
		{898C8248-7820-5498-85EC-40D3F889A9FF}.Release|Any CPU.Build.0 = Release|Any CPU
		{9FC64361-7998-AC6E-2814-B9C3683A5C90}.Debug|Any CPU.ActiveCfg = Debug|Any CPU
		{9FC64361-7998-AC6E-2814-B9C3683A5C90}.Debug|Any CPU.Build.0 = Debug|Any CPU
		{9FC64361-7998-AC6E-2814-B9C3683A5C90}.Release|Any CPU.ActiveCfg = Release|Any CPU
		{9FC64361-7998-AC6E-2814-B9C3683A5C90}.Release|Any CPU.Build.0 = Release|Any CPU
		{CD50334E-3927-697D-CC78-24DD3331E885}.Debug|Any CPU.ActiveCfg = Debug|Any CPU
		{CD50334E-3927-697D-CC78-24DD3331E885}.Debug|Any CPU.Build.0 = Debug|Any CPU
		{CD50334E-3927-697D-CC78-24DD3331E885}.Release|Any CPU.ActiveCfg = Release|Any CPU
		{CD50334E-3927-697D-CC78-24DD3331E885}.Release|Any CPU.Build.0 = Release|Any CPU
		{B2E8363A-8031-C4FA-3698-B168F5C25CF3}.Debug|Any CPU.ActiveCfg = Debug|Any CPU
		{B2E8363A-8031-C4FA-3698-B168F5C25CF3}.Debug|Any CPU.Build.0 = Debug|Any CPU
		{B2E8363A-8031-C4FA-3698-B168F5C25CF3}.Release|Any CPU.ActiveCfg = Release|Any CPU
		{B2E8363A-8031-C4FA-3698-B168F5C25CF3}.Release|Any CPU.Build.0 = Release|Any CPU
	EndGlobalSection
	GlobalSection(SolutionProperties) = preSolution
		HideSolutionNode = FALSE
	EndGlobalSection
EndGlobal
